// !$*UTF8*$!
{
	archiveVersion = 1;
	classes = {
	};
	objectVersion = 45;
	objects = {

/* Begin PBXAggregateTarget section */
		24416B8111C4CA220047AFDD /* Build & Test */ = {
			isa = PBXAggregateTarget;
			buildConfigurationList = 24416B8A11C4CA520047AFDD /* Build configuration list for PBXAggregateTarget "Build & Test" */;
			buildPhases = (
				24416B8011C4CA220047AFDD /* ShellScript */,
			);
			dependencies = (
				24416B8511C4CA280047AFDD /* PBXTargetDependency */,
			);
			name = "Build & Test";
			productName = "Build & test";
		};
/* End PBXAggregateTarget section */

/* Begin PBXBuildFile section */
		20F9506E1390F13C00168923 /* AdWhirlAdapterGoogleAdMobAds.h in Headers */ = {isa = PBXBuildFile; fileRef = 20F9506C1390F13C00168923 /* AdWhirlAdapterGoogleAdMobAds.h */; };
		20F950B01390F1FB00168923 /* AdWhirlAdNetworkAdapter.h in Headers */ = {isa = PBXBuildFile; fileRef = 20F950851390F1FB00168923 /* AdWhirlAdNetworkAdapter.h */; };
		20F950B11390F1FB00168923 /* AdWhirlDelegateProtocol.h in Headers */ = {isa = PBXBuildFile; fileRef = 20F950861390F1FB00168923 /* AdWhirlDelegateProtocol.h */; };
		20F950B21390F1FB00168923 /* AdWhirlView.h in Headers */ = {isa = PBXBuildFile; fileRef = 20F950871390F1FB00168923 /* AdWhirlView.h */; };
		20F950B31390F1FB00168923 /* AdWhirlAdapterCustom.h in Headers */ = {isa = PBXBuildFile; fileRef = 20F950891390F1FB00168923 /* AdWhirlAdapterCustom.h */; };
		20F950B51390F1FB00168923 /* AdWhirlAdapterEvent.h in Headers */ = {isa = PBXBuildFile; fileRef = 20F9508B1390F1FB00168923 /* AdWhirlAdapterEvent.h */; };
		20F950B71390F1FB00168923 /* AdWhirlAdapterGeneric.h in Headers */ = {isa = PBXBuildFile; fileRef = 20F9508D1390F1FB00168923 /* AdWhirlAdapterGeneric.h */; };
		20F950B91390F1FB00168923 /* AdWhirlAdNetworkAdapter+Helpers.h in Headers */ = {isa = PBXBuildFile; fileRef = 20F9508F1390F1FB00168923 /* AdWhirlAdNetworkAdapter+Helpers.h */; };
		20F950BC1390F1FB00168923 /* AdWhirlAdNetworkConfig.h in Headers */ = {isa = PBXBuildFile; fileRef = 20F950921390F1FB00168923 /* AdWhirlAdNetworkConfig.h */; };
		20F950BE1390F1FB00168923 /* AdWhirlAdNetworkRegistry.h in Headers */ = {isa = PBXBuildFile; fileRef = 20F950941390F1FB00168923 /* AdWhirlAdNetworkRegistry.h */; };
		20F950C01390F1FB00168923 /* AdWhirlClassWrapper.h in Headers */ = {isa = PBXBuildFile; fileRef = 20F950961390F1FB00168923 /* AdWhirlClassWrapper.h */; };
		20F950C21390F1FB00168923 /* AdWhirlConfig.h in Headers */ = {isa = PBXBuildFile; fileRef = 20F950981390F1FB00168923 /* AdWhirlConfig.h */; };
		20F950C41390F1FB00168923 /* AdWhirlConfigStore.h in Headers */ = {isa = PBXBuildFile; fileRef = 20F9509A1390F1FB00168923 /* AdWhirlConfigStore.h */; };
		20F950C61390F1FB00168923 /* AdWhirlCustomAdView.h in Headers */ = {isa = PBXBuildFile; fileRef = 20F9509C1390F1FB00168923 /* AdWhirlCustomAdView.h */; };
		20F950C81390F1FB00168923 /* AdWhirlError.h in Headers */ = {isa = PBXBuildFile; fileRef = 20F9509E1390F1FB00168923 /* AdWhirlError.h */; };
		20F950CA1390F1FB00168923 /* AdWhirlLog.h in Headers */ = {isa = PBXBuildFile; fileRef = 20F950A01390F1FB00168923 /* AdWhirlLog.h */; };
		20F950CC1390F1FB00168923 /* AdWhirlView+.h in Headers */ = {isa = PBXBuildFile; fileRef = 20F950A21390F1FB00168923 /* AdWhirlView+.h */; };
		20F950CE1390F1FB00168923 /* AdWhirlWebBrowserController.h in Headers */ = {isa = PBXBuildFile; fileRef = 20F950A51390F1FB00168923 /* AdWhirlWebBrowserController.h */; };
		20F950D11390F1FB00168923 /* AWNetworkReachabilityDelegate.h in Headers */ = {isa = PBXBuildFile; fileRef = 20F950A81390F1FB00168923 /* AWNetworkReachabilityDelegate.h */; };
		20F950D21390F1FB00168923 /* AWNetworkReachabilityWrapper.h in Headers */ = {isa = PBXBuildFile; fileRef = 20F950A91390F1FB00168923 /* AWNetworkReachabilityWrapper.h */; };
		20F950D41390F1FB00168923 /* UIColor+AdWhirlConfig.h in Headers */ = {isa = PBXBuildFile; fileRef = 20F950AB1390F1FB00168923 /* UIColor+AdWhirlConfig.h */; };
		20F950D61390F1FB00168923 /* ARRollerProtocol.h in Headers */ = {isa = PBXBuildFile; fileRef = 20F950AE1390F1FB00168923 /* ARRollerProtocol.h */; };
		20F950D71390F1FB00168923 /* ARRollerView.h in Headers */ = {isa = PBXBuildFile; fileRef = 20F950AF1390F1FB00168923 /* ARRollerView.h */; };
		20F950E713921E5700168923 /* AdWhirlAdapterGoogleAdMobAds.m in Sources */ = {isa = PBXBuildFile; fileRef = 20F950E413921E5700168923 /* AdWhirlAdapterGoogleAdMobAds.m */; };
		20F950E813921E5700168923 /* ComRiksofTiAdmobModule.m in Sources */ = {isa = PBXBuildFile; fileRef = 20F950E513921E5700168923 /* ComRiksofTiAdmobModule.m */; };
		20F950E913921E5700168923 /* ComRiksofTiAdmobModuleAssets.m in Sources */ = {isa = PBXBuildFile; fileRef = 20F950E613921E5700168923 /* ComRiksofTiAdmobModuleAssets.m */; };
		20F9510513921E8A00168923 /* CDataScanner.h in Headers */ = {isa = PBXBuildFile; fileRef = 20F950EF13921E8900168923 /* CDataScanner.h */; };
		20F9510713921E8A00168923 /* CDataScanner_Extensions.h in Headers */ = {isa = PBXBuildFile; fileRef = 20F950F213921E8900168923 /* CDataScanner_Extensions.h */; };
		20F9510913921E8A00168923 /* NSCharacterSet_Extensions.h in Headers */ = {isa = PBXBuildFile; fileRef = 20F950F413921E8900168923 /* NSCharacterSet_Extensions.h */; };
		20F9510B13921E8A00168923 /* NSDictionary_JSONExtensions.h in Headers */ = {isa = PBXBuildFile; fileRef = 20F950F613921E8900168923 /* NSDictionary_JSONExtensions.h */; };
		20F9510D13921E8A00168923 /* NSScanner_Extensions.h in Headers */ = {isa = PBXBuildFile; fileRef = 20F950F813921E8900168923 /* NSScanner_Extensions.h */; };
		20F9510F13921E8A00168923 /* CJSONDataSerializer.h in Headers */ = {isa = PBXBuildFile; fileRef = 20F950FB13921E8900168923 /* CJSONDataSerializer.h */; };
		20F9511113921E8A00168923 /* CJSONDeserializer.h in Headers */ = {isa = PBXBuildFile; fileRef = 20F950FD13921E8900168923 /* CJSONDeserializer.h */; };
		20F9511313921E8A00168923 /* CJSONScanner.h in Headers */ = {isa = PBXBuildFile; fileRef = 20F950FF13921E8900168923 /* CJSONScanner.h */; };
		20F9511513921E8A00168923 /* CJSONSerializer.h in Headers */ = {isa = PBXBuildFile; fileRef = 20F9510113921E8900168923 /* CJSONSerializer.h */; };
		20F9511713921E8A00168923 /* CSerializedJSONData.h in Headers */ = {isa = PBXBuildFile; fileRef = 20F9510313921E8900168923 /* CSerializedJSONData.h */; };
		20F9512D13921EFB00168923 /* GADBannerView.h in Headers */ = {isa = PBXBuildFile; fileRef = 20F9512513921EFB00168923 /* GADBannerView.h */; };
		20F9512E13921EFB00168923 /* GADBannerViewDelegate.h in Headers */ = {isa = PBXBuildFile; fileRef = 20F9512613921EFB00168923 /* GADBannerViewDelegate.h */; };
		20F9512F13921EFB00168923 /* GADInterstitial.h in Headers */ = {isa = PBXBuildFile; fileRef = 20F9512713921EFB00168923 /* GADInterstitial.h */; };
		20F9513013921EFB00168923 /* GADInterstitialDelegate.h in Headers */ = {isa = PBXBuildFile; fileRef = 20F9512813921EFB00168923 /* GADInterstitialDelegate.h */; };
		20F9513113921EFB00168923 /* GADRequest.h in Headers */ = {isa = PBXBuildFile; fileRef = 20F9512913921EFB00168923 /* GADRequest.h */; };
		20F9513213921EFB00168923 /* GADRequestError.h in Headers */ = {isa = PBXBuildFile; fileRef = 20F9512A13921EFB00168923 /* GADRequestError.h */; };
		20F9513313921EFB00168923 /* libGoogleAdMobAds.a in Frameworks */ = {isa = PBXBuildFile; fileRef = 20F9512B13921EFB00168923 /* libGoogleAdMobAds.a */; };
		24DD6CF91134B3F500162E58 /* ComRiksofTiAdmobModule.h in Headers */ = {isa = PBXBuildFile; fileRef = 24DD6CF71134B3F500162E58 /* ComRiksofTiAdmobModule.h */; };
		24DE9E1111C5FE74003F90F6 /* ComRiksofTiAdmobModuleAssets.h in Headers */ = {isa = PBXBuildFile; fileRef = 24DE9E0F11C5FE74003F90F6 /* ComRiksofTiAdmobModuleAssets.h */; };
		AA747D9F0F9514B9006C5449 /* ComRiksofTiAdmob_Prefix.pch in Headers */ = {isa = PBXBuildFile; fileRef = AA747D9E0F9514B9006C5449 /* ComRiksofTiAdmob_Prefix.pch */; };
		AACBBE4A0F95108600F1A2B1 /* Foundation.framework in Frameworks */ = {isa = PBXBuildFile; fileRef = AACBBE490F95108600F1A2B1 /* Foundation.framework */; };
/* End PBXBuildFile section */

/* Begin PBXContainerItemProxy section */
		24416B8411C4CA280047AFDD /* PBXContainerItemProxy */ = {
			isa = PBXContainerItemProxy;
			containerPortal = 0867D690FE84028FC02AAC07 /* Project object */;
			proxyType = 1;
			remoteGlobalIDString = D2AAC07D0554694100DB518D;
			remoteInfo = admob;
		};
/* End PBXContainerItemProxy section */

/* Begin PBXFileReference section */
		20F9506C1390F13C00168923 /* AdWhirlAdapterGoogleAdMobAds.h */ = {isa = PBXFileReference; fileEncoding = 4; lastKnownFileType = sourcecode.c.h; name = AdWhirlAdapterGoogleAdMobAds.h; path = Classes/AdWhirlAdapterGoogleAdMobAds.h; sourceTree = "<group>"; };
		20F950851390F1FB00168923 /* AdWhirlAdNetworkAdapter.h */ = {isa = PBXFileReference; fileEncoding = 4; lastKnownFileType = sourcecode.c.h; name = AdWhirlAdNetworkAdapter.h; path = ../adwhirl/Classes/AdWhirl/adapters/AdWhirlAdNetworkAdapter.h; sourceTree = SOURCE_ROOT; };
		20F950861390F1FB00168923 /* AdWhirlDelegateProtocol.h */ = {isa = PBXFileReference; fileEncoding = 4; lastKnownFileType = sourcecode.c.h; name = AdWhirlDelegateProtocol.h; path = ../adwhirl/Classes/AdWhirl/AdWhirlDelegateProtocol.h; sourceTree = SOURCE_ROOT; };
		20F950871390F1FB00168923 /* AdWhirlView.h */ = {isa = PBXFileReference; fileEncoding = 4; lastKnownFileType = sourcecode.c.h; name = AdWhirlView.h; path = ../adwhirl/Classes/AdWhirl/AdWhirlView.h; sourceTree = SOURCE_ROOT; };
		20F950891390F1FB00168923 /* AdWhirlAdapterCustom.h */ = {isa = PBXFileReference; fileEncoding = 4; lastKnownFileType = sourcecode.c.h; name = AdWhirlAdapterCustom.h; path = ../adwhirl/Classes/AdWhirl/internal/AdWhirlAdapterCustom.h; sourceTree = SOURCE_ROOT; };
		20F9508B1390F1FB00168923 /* AdWhirlAdapterEvent.h */ = {isa = PBXFileReference; fileEncoding = 4; lastKnownFileType = sourcecode.c.h; name = AdWhirlAdapterEvent.h; path = ../adwhirl/Classes/AdWhirl/internal/AdWhirlAdapterEvent.h; sourceTree = SOURCE_ROOT; };
		20F9508D1390F1FB00168923 /* AdWhirlAdapterGeneric.h */ = {isa = PBXFileReference; fileEncoding = 4; lastKnownFileType = sourcecode.c.h; name = AdWhirlAdapterGeneric.h; path = ../adwhirl/Classes/AdWhirl/internal/AdWhirlAdapterGeneric.h; sourceTree = SOURCE_ROOT; };
		20F9508F1390F1FB00168923 /* AdWhirlAdNetworkAdapter+Helpers.h */ = {isa = PBXFileReference; fileEncoding = 4; lastKnownFileType = sourcecode.c.h; name = "AdWhirlAdNetworkAdapter+Helpers.h"; path = "../adwhirl/Classes/AdWhirl/internal/AdWhirlAdNetworkAdapter+Helpers.h"; sourceTree = SOURCE_ROOT; };
		20F950921390F1FB00168923 /* AdWhirlAdNetworkConfig.h */ = {isa = PBXFileReference; fileEncoding = 4; lastKnownFileType = sourcecode.c.h; name = AdWhirlAdNetworkConfig.h; path = ../adwhirl/Classes/AdWhirl/internal/AdWhirlAdNetworkConfig.h; sourceTree = SOURCE_ROOT; };
		20F950941390F1FB00168923 /* AdWhirlAdNetworkRegistry.h */ = {isa = PBXFileReference; fileEncoding = 4; lastKnownFileType = sourcecode.c.h; name = AdWhirlAdNetworkRegistry.h; path = ../adwhirl/Classes/AdWhirl/internal/AdWhirlAdNetworkRegistry.h; sourceTree = SOURCE_ROOT; };
		20F950961390F1FB00168923 /* AdWhirlClassWrapper.h */ = {isa = PBXFileReference; fileEncoding = 4; lastKnownFileType = sourcecode.c.h; name = AdWhirlClassWrapper.h; path = ../adwhirl/Classes/AdWhirl/internal/AdWhirlClassWrapper.h; sourceTree = SOURCE_ROOT; };
		20F950981390F1FB00168923 /* AdWhirlConfig.h */ = {isa = PBXFileReference; fileEncoding = 4; lastKnownFileType = sourcecode.c.h; name = AdWhirlConfig.h; path = ../adwhirl/Classes/AdWhirl/internal/AdWhirlConfig.h; sourceTree = SOURCE_ROOT; };
		20F9509A1390F1FB00168923 /* AdWhirlConfigStore.h */ = {isa = PBXFileReference; fileEncoding = 4; lastKnownFileType = sourcecode.c.h; name = AdWhirlConfigStore.h; path = ../adwhirl/Classes/AdWhirl/internal/AdWhirlConfigStore.h; sourceTree = SOURCE_ROOT; };
		20F9509C1390F1FB00168923 /* AdWhirlCustomAdView.h */ = {isa = PBXFileReference; fileEncoding = 4; lastKnownFileType = sourcecode.c.h; name = AdWhirlCustomAdView.h; path = ../adwhirl/Classes/AdWhirl/internal/AdWhirlCustomAdView.h; sourceTree = SOURCE_ROOT; };
		20F9509E1390F1FB00168923 /* AdWhirlError.h */ = {isa = PBXFileReference; fileEncoding = 4; lastKnownFileType = sourcecode.c.h; name = AdWhirlError.h; path = ../adwhirl/Classes/AdWhirl/internal/AdWhirlError.h; sourceTree = SOURCE_ROOT; };
		20F950A01390F1FB00168923 /* AdWhirlLog.h */ = {isa = PBXFileReference; fileEncoding = 4; lastKnownFileType = sourcecode.c.h; name = AdWhirlLog.h; path = ../adwhirl/Classes/AdWhirl/internal/AdWhirlLog.h; sourceTree = SOURCE_ROOT; };
		20F950A21390F1FB00168923 /* AdWhirlView+.h */ = {isa = PBXFileReference; fileEncoding = 4; lastKnownFileType = sourcecode.c.h; name = "AdWhirlView+.h"; path = "../adwhirl/Classes/AdWhirl/internal/AdWhirlView+.h"; sourceTree = SOURCE_ROOT; };
		20F950A41390F1FB00168923 /* AdWhirlWebBrowser.xib */ = {isa = PBXFileReference; lastKnownFileType = file.xib; name = AdWhirlWebBrowser.xib; path = ../adwhirl/Classes/AdWhirl/internal/AdWhirlWebBrowser.xib; sourceTree = SOURCE_ROOT; };
		20F950A51390F1FB00168923 /* AdWhirlWebBrowserController.h */ = {isa = PBXFileReference; fileEncoding = 4; lastKnownFileType = sourcecode.c.h; name = AdWhirlWebBrowserController.h; path = ../adwhirl/Classes/AdWhirl/internal/AdWhirlWebBrowserController.h; sourceTree = SOURCE_ROOT; };
		20F950A81390F1FB00168923 /* AWNetworkReachabilityDelegate.h */ = {isa = PBXFileReference; fileEncoding = 4; lastKnownFileType = sourcecode.c.h; name = AWNetworkReachabilityDelegate.h; path = ../adwhirl/Classes/AdWhirl/internal/AWNetworkReachabilityDelegate.h; sourceTree = SOURCE_ROOT; };
		20F950A91390F1FB00168923 /* AWNetworkReachabilityWrapper.h */ = {isa = PBXFileReference; fileEncoding = 4; lastKnownFileType = sourcecode.c.h; name = AWNetworkReachabilityWrapper.h; path = ../adwhirl/Classes/AdWhirl/internal/AWNetworkReachabilityWrapper.h; sourceTree = SOURCE_ROOT; };
		20F950AB1390F1FB00168923 /* UIColor+AdWhirlConfig.h */ = {isa = PBXFileReference; fileEncoding = 4; lastKnownFileType = sourcecode.c.h; name = "UIColor+AdWhirlConfig.h"; path = "../adwhirl/Classes/AdWhirl/internal/UIColor+AdWhirlConfig.h"; sourceTree = SOURCE_ROOT; };
		20F950AE1390F1FB00168923 /* ARRollerProtocol.h */ = {isa = PBXFileReference; fileEncoding = 4; lastKnownFileType = sourcecode.c.h; name = ARRollerProtocol.h; path = ../adwhirl/Classes/AdWhirl/legacy/ARRollerProtocol.h; sourceTree = SOURCE_ROOT; };
		20F950AF1390F1FB00168923 /* ARRollerView.h */ = {isa = PBXFileReference; fileEncoding = 4; lastKnownFileType = sourcecode.c.h; name = ARRollerView.h; path = ../adwhirl/Classes/AdWhirl/legacy/ARRollerView.h; sourceTree = SOURCE_ROOT; };
		20F950E413921E5700168923 /* AdWhirlAdapterGoogleAdMobAds.m */ = {isa = PBXFileReference; fileEncoding = 4; lastKnownFileType = sourcecode.c.objc; name = AdWhirlAdapterGoogleAdMobAds.m; path = Classes/AdWhirlAdapterGoogleAdMobAds.m; sourceTree = "<group>"; };
		20F950E513921E5700168923 /* ComRiksofTiAdmobModule.m */ = {isa = PBXFileReference; fileEncoding = 4; lastKnownFileType = sourcecode.c.objc; name = ComRiksofTiAdmobModule.m; path = Classes/ComRiksofTiAdmobModule.m; sourceTree = "<group>"; };
		20F950E613921E5700168923 /* ComRiksofTiAdmobModuleAssets.m */ = {isa = PBXFileReference; fileEncoding = 4; lastKnownFileType = sourcecode.c.objc; name = ComRiksofTiAdmobModuleAssets.m; path = Classes/ComRiksofTiAdmobModuleAssets.m; sourceTree = "<group>"; };
		20F950EF13921E8900168923 /* CDataScanner.h */ = {isa = PBXFileReference; fileEncoding = 4; lastKnownFileType = sourcecode.c.h; name = CDataScanner.h; path = ../adwhirl/Classes/TouchJSON/CDataScanner.h; sourceTree = SOURCE_ROOT; };
		20F950F213921E8900168923 /* CDataScanner_Extensions.h */ = {isa = PBXFileReference; fileEncoding = 4; lastKnownFileType = sourcecode.c.h; name = CDataScanner_Extensions.h; path = ../adwhirl/Classes/TouchJSON/Extensions/CDataScanner_Extensions.h; sourceTree = SOURCE_ROOT; };
		20F950F413921E8900168923 /* NSCharacterSet_Extensions.h */ = {isa = PBXFileReference; fileEncoding = 4; lastKnownFileType = sourcecode.c.h; name = NSCharacterSet_Extensions.h; path = ../adwhirl/Classes/TouchJSON/Extensions/NSCharacterSet_Extensions.h; sourceTree = SOURCE_ROOT; };
		20F950F613921E8900168923 /* NSDictionary_JSONExtensions.h */ = {isa = PBXFileReference; fileEncoding = 4; lastKnownFileType = sourcecode.c.h; name = NSDictionary_JSONExtensions.h; path = ../adwhirl/Classes/TouchJSON/Extensions/NSDictionary_JSONExtensions.h; sourceTree = SOURCE_ROOT; };
		20F950F813921E8900168923 /* NSScanner_Extensions.h */ = {isa = PBXFileReference; fileEncoding = 4; lastKnownFileType = sourcecode.c.h; name = NSScanner_Extensions.h; path = ../adwhirl/Classes/TouchJSON/Extensions/NSScanner_Extensions.h; sourceTree = SOURCE_ROOT; };
		20F950FB13921E8900168923 /* CJSONDataSerializer.h */ = {isa = PBXFileReference; fileEncoding = 4; lastKnownFileType = sourcecode.c.h; name = CJSONDataSerializer.h; path = ../adwhirl/Classes/TouchJSON/JSON/CJSONDataSerializer.h; sourceTree = SOURCE_ROOT; };
		20F950FD13921E8900168923 /* CJSONDeserializer.h */ = {isa = PBXFileReference; fileEncoding = 4; lastKnownFileType = sourcecode.c.h; name = CJSONDeserializer.h; path = ../adwhirl/Classes/TouchJSON/JSON/CJSONDeserializer.h; sourceTree = SOURCE_ROOT; };
		20F950FF13921E8900168923 /* CJSONScanner.h */ = {isa = PBXFileReference; fileEncoding = 4; lastKnownFileType = sourcecode.c.h; name = CJSONScanner.h; path = ../adwhirl/Classes/TouchJSON/JSON/CJSONScanner.h; sourceTree = SOURCE_ROOT; };
		20F9510113921E8900168923 /* CJSONSerializer.h */ = {isa = PBXFileReference; fileEncoding = 4; lastKnownFileType = sourcecode.c.h; name = CJSONSerializer.h; path = ../adwhirl/Classes/TouchJSON/JSON/CJSONSerializer.h; sourceTree = SOURCE_ROOT; };
		20F9510313921E8900168923 /* CSerializedJSONData.h */ = {isa = PBXFileReference; fileEncoding = 4; lastKnownFileType = sourcecode.c.h; name = CSerializedJSONData.h; path = ../adwhirl/Classes/TouchJSON/JSON/CSerializedJSONData.h; sourceTree = SOURCE_ROOT; };
		20F9512513921EFB00168923 /* GADBannerView.h */ = {isa = PBXFileReference; fileEncoding = 4; lastKnownFileType = sourcecode.c.h; name = GADBannerView.h; path = Classes/AdMob/GADBannerView.h; sourceTree = SOURCE_ROOT; };
		20F9512613921EFB00168923 /* GADBannerViewDelegate.h */ = {isa = PBXFileReference; fileEncoding = 4; lastKnownFileType = sourcecode.c.h; name = GADBannerViewDelegate.h; path = Classes/AdMob/GADBannerViewDelegate.h; sourceTree = SOURCE_ROOT; };
		20F9512713921EFB00168923 /* GADInterstitial.h */ = {isa = PBXFileReference; fileEncoding = 4; lastKnownFileType = sourcecode.c.h; name = GADInterstitial.h; path = Classes/AdMob/GADInterstitial.h; sourceTree = SOURCE_ROOT; };
		20F9512813921EFB00168923 /* GADInterstitialDelegate.h */ = {isa = PBXFileReference; fileEncoding = 4; lastKnownFileType = sourcecode.c.h; name = GADInterstitialDelegate.h; path = Classes/AdMob/GADInterstitialDelegate.h; sourceTree = SOURCE_ROOT; };
		20F9512913921EFB00168923 /* GADRequest.h */ = {isa = PBXFileReference; fileEncoding = 4; lastKnownFileType = sourcecode.c.h; name = GADRequest.h; path = Classes/AdMob/GADRequest.h; sourceTree = SOURCE_ROOT; };
		20F9512A13921EFB00168923 /* GADRequestError.h */ = {isa = PBXFileReference; fileEncoding = 4; lastKnownFileType = sourcecode.c.h; name = GADRequestError.h; path = Classes/AdMob/GADRequestError.h; sourceTree = SOURCE_ROOT; };
		20F9512B13921EFB00168923 /* libGoogleAdMobAds.a */ = {isa = PBXFileReference; lastKnownFileType = archive.ar; name = libGoogleAdMobAds.a; path = Classes/AdMob/libGoogleAdMobAds.a; sourceTree = SOURCE_ROOT; };
		20F9512C13921EFB00168923 /* README.txt */ = {isa = PBXFileReference; fileEncoding = 4; lastKnownFileType = text; name = README.txt; path = Classes/AdMob/README.txt; sourceTree = SOURCE_ROOT; };
		24DD6CF71134B3F500162E58 /* ComRiksofTiAdmobModule.h */ = {isa = PBXFileReference; fileEncoding = 4; lastKnownFileType = sourcecode.c.h; name = ComRiksofTiAdmobModule.h; path = Classes/ComRiksofTiAdmobModule.h; sourceTree = "<group>"; };
		24DD6D1B1134B66800162E58 /* titanium.xcconfig */ = {isa = PBXFileReference; fileEncoding = 4; lastKnownFileType = text.xcconfig; path = titanium.xcconfig; sourceTree = "<group>"; };
		24DE9E0F11C5FE74003F90F6 /* ComRiksofTiAdmobModuleAssets.h */ = {isa = PBXFileReference; fileEncoding = 4; lastKnownFileType = sourcecode.c.h; name = ComRiksofTiAdmobModuleAssets.h; path = Classes/ComRiksofTiAdmobModuleAssets.h; sourceTree = "<group>"; };
		AA747D9E0F9514B9006C5449 /* ComRiksofTiAdmob_Prefix.pch */ = {isa = PBXFileReference; fileEncoding = 4; lastKnownFileType = sourcecode.c.h; path = ComRiksofTiAdmob_Prefix.pch; sourceTree = SOURCE_ROOT; };
		AACBBE490F95108600F1A2B1 /* Foundation.framework */ = {isa = PBXFileReference; lastKnownFileType = wrapper.framework; name = Foundation.framework; path = System/Library/Frameworks/Foundation.framework; sourceTree = SDKROOT; };
		D2AAC07E0554694100DB518D /* libComRiksofTiAdmob.a */ = {isa = PBXFileReference; explicitFileType = archive.ar; includeInIndex = 0; path = libComRiksofTiAdmob.a; sourceTree = BUILT_PRODUCTS_DIR; };
/* End PBXFileReference section */

/* Begin PBXFrameworksBuildPhase section */
		D2AAC07C0554694100DB518D /* Frameworks */ = {
			isa = PBXFrameworksBuildPhase;
			buildActionMask = 2147483647;
			files = (
				AACBBE4A0F95108600F1A2B1 /* Foundation.framework in Frameworks */,
				20F9513313921EFB00168923 /* libGoogleAdMobAds.a in Frameworks */,
			);
			runOnlyForDeploymentPostprocessing = 0;
		};
/* End PBXFrameworksBuildPhase section */

/* Begin PBXGroup section */
		034768DFFF38A50411DB9C8B /* Products */ = {
			isa = PBXGroup;
			children = (
				D2AAC07E0554694100DB518D /* libComRiksofTiAdmob.a */,
			);
			name = Products;
			sourceTree = "<group>";
		};
		0867D691FE84028FC02AAC07 /* admob */ = {
			isa = PBXGroup;
			children = (
				08FB77AEFE84172EC02AAC07 /* Classes */,
				32C88DFF0371C24200C91783 /* Other Sources */,
				0867D69AFE84028FC02AAC07 /* Frameworks */,
				034768DFFF38A50411DB9C8B /* Products */,
			);
			name = admob;
			sourceTree = "<group>";
		};
		0867D69AFE84028FC02AAC07 /* Frameworks */ = {
			isa = PBXGroup;
			children = (
				AACBBE490F95108600F1A2B1 /* Foundation.framework */,
			);
			name = Frameworks;
			sourceTree = "<group>";
		};
		08FB77AEFE84172EC02AAC07 /* Classes */ = {
			isa = PBXGroup;
			children = (
				20F9512413921EFB00168923 /* AdMob */,
				20F950EE13921E8900168923 /* TouchJSON */,
				20F950831390F1FB00168923 /* AdWhirl */,
				20F9506C1390F13C00168923 /* AdWhirlAdapterGoogleAdMobAds.h */,
				20F950E413921E5700168923 /* AdWhirlAdapterGoogleAdMobAds.m */,
				20F950E513921E5700168923 /* ComRiksofTiAdmobModule.m */,
				20F950E613921E5700168923 /* ComRiksofTiAdmobModuleAssets.m */,
				24DE9E0F11C5FE74003F90F6 /* ComRiksofTiAdmobModuleAssets.h */,
				24DD6CF71134B3F500162E58 /* ComRiksofTiAdmobModule.h */,
			);
			name = Classes;
			sourceTree = "<group>";
		};
		20F950831390F1FB00168923 /* AdWhirl */ = {
			isa = PBXGroup;
			children = (
				20F950841390F1FB00168923 /* adapters */,
				20F950861390F1FB00168923 /* AdWhirlDelegateProtocol.h */,
				20F950871390F1FB00168923 /* AdWhirlView.h */,
				20F950881390F1FB00168923 /* internal */,
				20F950AD1390F1FB00168923 /* legacy */,
			);
			name = AdWhirl;
			path = ../adwhirl/Classes/AdWhirl;
			sourceTree = SOURCE_ROOT;
		};
		20F950841390F1FB00168923 /* adapters */ = {
			isa = PBXGroup;
			children = (
				20F950851390F1FB00168923 /* AdWhirlAdNetworkAdapter.h */,
			);
			name = adapters;
			path = ../adwhirl/Classes/AdWhirl/adapters;
			sourceTree = SOURCE_ROOT;
		};
		20F950881390F1FB00168923 /* internal */ = {
			isa = PBXGroup;
			children = (
				20F950891390F1FB00168923 /* AdWhirlAdapterCustom.h */,
				20F9508B1390F1FB00168923 /* AdWhirlAdapterEvent.h */,
				20F9508D1390F1FB00168923 /* AdWhirlAdapterGeneric.h */,
				20F9508F1390F1FB00168923 /* AdWhirlAdNetworkAdapter+Helpers.h */,
				20F950921390F1FB00168923 /* AdWhirlAdNetworkConfig.h */,
				20F950941390F1FB00168923 /* AdWhirlAdNetworkRegistry.h */,
				20F950961390F1FB00168923 /* AdWhirlClassWrapper.h */,
				20F950981390F1FB00168923 /* AdWhirlConfig.h */,
				20F9509A1390F1FB00168923 /* AdWhirlConfigStore.h */,
				20F9509C1390F1FB00168923 /* AdWhirlCustomAdView.h */,
				20F9509E1390F1FB00168923 /* AdWhirlError.h */,
				20F950A01390F1FB00168923 /* AdWhirlLog.h */,
				20F950A21390F1FB00168923 /* AdWhirlView+.h */,
				20F950A41390F1FB00168923 /* AdWhirlWebBrowser.xib */,
				20F950A51390F1FB00168923 /* AdWhirlWebBrowserController.h */,
				20F950A81390F1FB00168923 /* AWNetworkReachabilityDelegate.h */,
				20F950A91390F1FB00168923 /* AWNetworkReachabilityWrapper.h */,
				20F950AB1390F1FB00168923 /* UIColor+AdWhirlConfig.h */,
			);
			name = internal;
			path = ../adwhirl/Classes/AdWhirl/internal;
			sourceTree = SOURCE_ROOT;
		};
		20F950AD1390F1FB00168923 /* legacy */ = {
			isa = PBXGroup;
			children = (
				20F950AE1390F1FB00168923 /* ARRollerProtocol.h */,
				20F950AF1390F1FB00168923 /* ARRollerView.h */,
			);
			name = legacy;
			path = ../adwhirl/Classes/AdWhirl/legacy;
			sourceTree = SOURCE_ROOT;
		};
		20F950EE13921E8900168923 /* TouchJSON */ = {
			isa = PBXGroup;
			children = (
				20F950EF13921E8900168923 /* CDataScanner.h */,
				20F950F113921E8900168923 /* Extensions */,
				20F950FA13921E8900168923 /* JSON */,
			);
			name = TouchJSON;
			path = ../adwhirl/Classes/TouchJSON;
			sourceTree = SOURCE_ROOT;
		};
		20F950F113921E8900168923 /* Extensions */ = {
			isa = PBXGroup;
			children = (
				20F950F213921E8900168923 /* CDataScanner_Extensions.h */,
				20F950F413921E8900168923 /* NSCharacterSet_Extensions.h */,
				20F950F613921E8900168923 /* NSDictionary_JSONExtensions.h */,
				20F950F813921E8900168923 /* NSScanner_Extensions.h */,
			);
			name = Extensions;
			path = ../adwhirl/Classes/TouchJSON/Extensions;
			sourceTree = SOURCE_ROOT;
		};
		20F950FA13921E8900168923 /* JSON */ = {
			isa = PBXGroup;
			children = (
				20F950FB13921E8900168923 /* CJSONDataSerializer.h */,
				20F950FD13921E8900168923 /* CJSONDeserializer.h */,
				20F950FF13921E8900168923 /* CJSONScanner.h */,
				20F9510113921E8900168923 /* CJSONSerializer.h */,
				20F9510313921E8900168923 /* CSerializedJSONData.h */,
			);
			name = JSON;
			path = ../adwhirl/Classes/TouchJSON/JSON;
			sourceTree = SOURCE_ROOT;
		};
		20F9512413921EFB00168923 /* AdMob */ = {
			isa = PBXGroup;
			children = (
				20F9512513921EFB00168923 /* GADBannerView.h */,
				20F9512613921EFB00168923 /* GADBannerViewDelegate.h */,
				20F9512713921EFB00168923 /* GADInterstitial.h */,
				20F9512813921EFB00168923 /* GADInterstitialDelegate.h */,
				20F9512913921EFB00168923 /* GADRequest.h */,
				20F9512A13921EFB00168923 /* GADRequestError.h */,
				20F9512B13921EFB00168923 /* libGoogleAdMobAds.a */,
				20F9512C13921EFB00168923 /* README.txt */,
			);
			name = AdMob;
			path = Classes/AdMob;
			sourceTree = SOURCE_ROOT;
		};
		32C88DFF0371C24200C91783 /* Other Sources */ = {
			isa = PBXGroup;
			children = (
				AA747D9E0F9514B9006C5449 /* ComRiksofTiAdmob_Prefix.pch */,
				24DD6D1B1134B66800162E58 /* titanium.xcconfig */,
			);
			name = "Other Sources";
			sourceTree = "<group>";
		};
/* End PBXGroup section */

/* Begin PBXHeadersBuildPhase section */
		D2AAC07A0554694100DB518D /* Headers */ = {
			isa = PBXHeadersBuildPhase;
			buildActionMask = 2147483647;
			files = (
				AA747D9F0F9514B9006C5449 /* ComRiksofTiAdmob_Prefix.pch in Headers */,
				24DD6CF91134B3F500162E58 /* ComRiksofTiAdmobModule.h in Headers */,
				24DE9E1111C5FE74003F90F6 /* ComRiksofTiAdmobModuleAssets.h in Headers */,
				20F9506E1390F13C00168923 /* AdWhirlAdapterGoogleAdMobAds.h in Headers */,
				20F950B01390F1FB00168923 /* AdWhirlAdNetworkAdapter.h in Headers */,
				20F950B11390F1FB00168923 /* AdWhirlDelegateProtocol.h in Headers */,
				20F950B21390F1FB00168923 /* AdWhirlView.h in Headers */,
				20F950B31390F1FB00168923 /* AdWhirlAdapterCustom.h in Headers */,
				20F950B51390F1FB00168923 /* AdWhirlAdapterEvent.h in Headers */,
				20F950B71390F1FB00168923 /* AdWhirlAdapterGeneric.h in Headers */,
				20F950B91390F1FB00168923 /* AdWhirlAdNetworkAdapter+Helpers.h in Headers */,
				20F950BC1390F1FB00168923 /* AdWhirlAdNetworkConfig.h in Headers */,
				20F950BE1390F1FB00168923 /* AdWhirlAdNetworkRegistry.h in Headers */,
				20F950C01390F1FB00168923 /* AdWhirlClassWrapper.h in Headers */,
				20F950C21390F1FB00168923 /* AdWhirlConfig.h in Headers */,
				20F950C41390F1FB00168923 /* AdWhirlConfigStore.h in Headers */,
				20F950C61390F1FB00168923 /* AdWhirlCustomAdView.h in Headers */,
				20F950C81390F1FB00168923 /* AdWhirlError.h in Headers */,
				20F950CA1390F1FB00168923 /* AdWhirlLog.h in Headers */,
				20F950CC1390F1FB00168923 /* AdWhirlView+.h in Headers */,
				20F950CE1390F1FB00168923 /* AdWhirlWebBrowserController.h in Headers */,
				20F950D11390F1FB00168923 /* AWNetworkReachabilityDelegate.h in Headers */,
				20F950D21390F1FB00168923 /* AWNetworkReachabilityWrapper.h in Headers */,
				20F950D41390F1FB00168923 /* UIColor+AdWhirlConfig.h in Headers */,
				20F950D61390F1FB00168923 /* ARRollerProtocol.h in Headers */,
				20F950D71390F1FB00168923 /* ARRollerView.h in Headers */,
				20F9510513921E8A00168923 /* CDataScanner.h in Headers */,
				20F9510713921E8A00168923 /* CDataScanner_Extensions.h in Headers */,
				20F9510913921E8A00168923 /* NSCharacterSet_Extensions.h in Headers */,
				20F9510B13921E8A00168923 /* NSDictionary_JSONExtensions.h in Headers */,
				20F9510D13921E8A00168923 /* NSScanner_Extensions.h in Headers */,
				20F9510F13921E8A00168923 /* CJSONDataSerializer.h in Headers */,
				20F9511113921E8A00168923 /* CJSONDeserializer.h in Headers */,
				20F9511313921E8A00168923 /* CJSONScanner.h in Headers */,
				20F9511513921E8A00168923 /* CJSONSerializer.h in Headers */,
				20F9511713921E8A00168923 /* CSerializedJSONData.h in Headers */,
				20F9512D13921EFB00168923 /* GADBannerView.h in Headers */,
				20F9512E13921EFB00168923 /* GADBannerViewDelegate.h in Headers */,
				20F9512F13921EFB00168923 /* GADInterstitial.h in Headers */,
				20F9513013921EFB00168923 /* GADInterstitialDelegate.h in Headers */,
				20F9513113921EFB00168923 /* GADRequest.h in Headers */,
				20F9513213921EFB00168923 /* GADRequestError.h in Headers */,
			);
			runOnlyForDeploymentPostprocessing = 0;
		};
/* End PBXHeadersBuildPhase section */

/* Begin PBXNativeTarget section */
		D2AAC07D0554694100DB518D /* admob */ = {
			isa = PBXNativeTarget;
			buildConfigurationList = 1DEB921E08733DC00010E9CD /* Build configuration list for PBXNativeTarget "admob" */;
			buildPhases = (
				D2AAC07A0554694100DB518D /* Headers */,
				D2AAC07B0554694100DB518D /* Sources */,
				D2AAC07C0554694100DB518D /* Frameworks */,
			);
			buildRules = (
			);
			dependencies = (
			);
			name = admob;
			productName = admob;
			productReference = D2AAC07E0554694100DB518D /* libComRiksofTiAdmob.a */;
			productType = "com.apple.product-type.library.static";
		};
/* End PBXNativeTarget section */

/* Begin PBXProject section */
		0867D690FE84028FC02AAC07 /* Project object */ = {
			isa = PBXProject;
			buildConfigurationList = 1DEB922208733DC00010E9CD /* Build configuration list for PBXProject "admob" */;
			compatibilityVersion = "Xcode 3.1";
			developmentRegion = English;
			hasScannedForEncodings = 1;
			knownRegions = (
				English,
				Japanese,
				French,
				German,
			);
			mainGroup = 0867D691FE84028FC02AAC07 /* admob */;
			productRefGroup = 034768DFFF38A50411DB9C8B /* Products */;
			projectDirPath = "";
			projectRoot = "";
			targets = (
				D2AAC07D0554694100DB518D /* admob */,
				24416B8111C4CA220047AFDD /* Build & Test */,
			);
		};
/* End PBXProject section */

/* Begin PBXShellScriptBuildPhase section */
		24416B8011C4CA220047AFDD /* ShellScript */ = {
			isa = PBXShellScriptBuildPhase;
			buildActionMask = 2147483647;
			files = (
			);
			inputPaths = (
			);
			outputPaths = (
			);
			runOnlyForDeploymentPostprocessing = 0;
			shellPath = /bin/sh;
			shellScript = "# shell script goes here\n\npython \"${TITANIUM_SDK}/titanium.py\" run --dir=\"${PROJECT_DIR}\"\nexit $?\n";
		};
/* End PBXShellScriptBuildPhase section */

/* Begin PBXSourcesBuildPhase section */
		D2AAC07B0554694100DB518D /* Sources */ = {
			isa = PBXSourcesBuildPhase;
			buildActionMask = 2147483647;
			files = (
				20F950E713921E5700168923 /* AdWhirlAdapterGoogleAdMobAds.m in Sources */,
				20F950E813921E5700168923 /* ComRiksofTiAdmobModule.m in Sources */,
				20F950E913921E5700168923 /* ComRiksofTiAdmobModuleAssets.m in Sources */,
			);
			runOnlyForDeploymentPostprocessing = 0;
		};
/* End PBXSourcesBuildPhase section */

/* Begin PBXTargetDependency section */
		24416B8511C4CA280047AFDD /* PBXTargetDependency */ = {
			isa = PBXTargetDependency;
			target = D2AAC07D0554694100DB518D /* admob */;
			targetProxy = 24416B8411C4CA280047AFDD /* PBXContainerItemProxy */;
		};
/* End PBXTargetDependency section */

/* Begin XCBuildConfiguration section */
		1DEB921F08733DC00010E9CD /* Debug */ = {
			isa = XCBuildConfiguration;
			baseConfigurationReference = 24DD6D1B1134B66800162E58 /* titanium.xcconfig */;
			buildSettings = {
				ALWAYS_SEARCH_USER_PATHS = NO;
				ARCHS = (
					armv6,
					"$(ARCHS_STANDARD_32_BIT)",
				);
				COPY_PHASE_STRIP = NO;
				DSTROOT = /tmp/ComRiksofTiAdmob.dst;
				GCC_DYNAMIC_NO_PIC = NO;
				GCC_ENABLE_FIX_AND_CONTINUE = YES;
				GCC_MODEL_TUNING = G5;
				GCC_OPTIMIZATION_LEVEL = 0;
				GCC_PRECOMPILE_PREFIX_HEADER = YES;
				GCC_PREFIX_HEADER = ComRiksofTiAdmob_Prefix.pch;
				INSTALL_PATH = /usr/local/lib;
				LIBRARY_SEARCH_PATHS = (
					"$(inherited)",
					"\"$(SRCROOT)/Classes/AdMob\"",
				);
				PRODUCT_NAME = ComRiksofTiAdmob;
				SDKROOT = iphoneos;
				TARGETED_DEVICE_FAMILY = "1,2";
			};
			name = Debug;
		};
		1DEB922008733DC00010E9CD /* Release */ = {
			isa = XCBuildConfiguration;
			baseConfigurationReference = 24DD6D1B1134B66800162E58 /* titanium.xcconfig */;
			buildSettings = {
				ALWAYS_SEARCH_USER_PATHS = NO;
				ARCHS = (
					armv6,
					"$(ARCHS_STANDARD_32_BIT)",
				);
				DSTROOT = /tmp/ComRiksofTiAdmob.dst;
				GCC_MODEL_TUNING = G5;
				GCC_PRECOMPILE_PREFIX_HEADER = YES;
				GCC_PREFIX_HEADER = ComRiksofTiAdmob_Prefix.pch;
				INSTALL_PATH = /usr/local/lib;
				LIBRARY_SEARCH_PATHS = (
					"$(inherited)",
					"\"$(SRCROOT)/Classes/AdMob\"",
				);
				PRODUCT_NAME = ComRiksofTiAdmob;
				SDKROOT = iphoneos;
				TARGETED_DEVICE_FAMILY = "1,2";
			};
			name = Release;
		};
		1DEB922308733DC00010E9CD /* Debug */ = {
			isa = XCBuildConfiguration;
			baseConfigurationReference = 24DD6D1B1134B66800162E58 /* titanium.xcconfig */;
			buildSettings = {
				ARCHS = (
					armv6,
					"$(ARCHS_STANDARD_32_BIT)",
				);
				GCC_C_LANGUAGE_STANDARD = c99;
				GCC_OPTIMIZATION_LEVEL = 0;
				GCC_WARN_ABOUT_RETURN_TYPE = YES;
				GCC_WARN_UNUSED_VARIABLE = YES;
				OTHER_LDFLAGS = "";
				PREBINDING = NO;
				SDKROOT = iphoneos;
				TARGETED_DEVICE_FAMILY = "1,2";
			};
			name = Debug;
		};
		1DEB922408733DC00010E9CD /* Release */ = {
			isa = XCBuildConfiguration;
			baseConfigurationReference = 24DD6D1B1134B66800162E58 /* titanium.xcconfig */;
			buildSettings = {
				ARCHS = (
					armv6,
					"$(ARCHS_STANDARD_32_BIT)",
				);
				GCC_C_LANGUAGE_STANDARD = c99;
				GCC_WARN_ABOUT_RETURN_TYPE = YES;
				GCC_WARN_UNUSED_VARIABLE = YES;
				OTHER_LDFLAGS = "";
				PREBINDING = NO;
				SDKROOT = iphoneos;
				TARGETED_DEVICE_FAMILY = "1,2";
			};
			name = Release;
		};
		24416B8211C4CA220047AFDD /* Debug */ = {
			isa = XCBuildConfiguration;
			baseConfigurationReference = 24DD6D1B1134B66800162E58 /* titanium.xcconfig */;
			buildSettings = {
				COPY_PHASE_STRIP = NO;
				GCC_DYNAMIC_NO_PIC = NO;
				GCC_OPTIMIZATION_LEVEL = 0;
				PRODUCT_NAME = "Build & test";
			};
			name = Debug;
		};
		24416B8311C4CA220047AFDD /* Release */ = {
			isa = XCBuildConfiguration;
			baseConfigurationReference = 24DD6D1B1134B66800162E58 /* titanium.xcconfig */;
			buildSettings = {
				COPY_PHASE_STRIP = YES;
				DEBUG_INFORMATION_FORMAT = "dwarf-with-dsym";
				GCC_ENABLE_FIX_AND_CONTINUE = NO;
				PRODUCT_NAME = "Build & test";
				ZERO_LINK = NO;
			};
			name = Release;
		};
/* End XCBuildConfiguration section */

/* Begin XCConfigurationList section */
		1DEB921E08733DC00010E9CD /* Build configuration list for PBXNativeTarget "admob" */ = {
			isa = XCConfigurationList;
			buildConfigurations = (
				1DEB921F08733DC00010E9CD /* Debug */,
				1DEB922008733DC00010E9CD /* Release */,
			);
			defaultConfigurationIsVisible = 0;
			defaultConfigurationName = Release;
		};
		1DEB922208733DC00010E9CD /* Build configuration list for PBXProject "admob" */ = {
			isa = XCConfigurationList;
			buildConfigurations = (
				1DEB922308733DC00010E9CD /* Debug */,
				1DEB922408733DC00010E9CD /* Release */,
			);
			defaultConfigurationIsVisible = 0;
			defaultConfigurationName = Release;
		};
		24416B8A11C4CA520047AFDD /* Build configuration list for PBXAggregateTarget "Build & Test" */ = {
			isa = XCConfigurationList;
			buildConfigurations = (
				24416B8211C4CA220047AFDD /* Debug */,
				24416B8311C4CA220047AFDD /* Release */,
			);
			defaultConfigurationIsVisible = 0;
			defaultConfigurationName = Release;
		};
/* End XCConfigurationList section */
	};
	rootObject = 0867D690FE84028FC02AAC07 /* Project object */;
}
